{
  "name": "tests",
  "lockfileVersion": 3,
  "requires": true,
  "packages": {
    "": {
      "devDependencies": {
        "@electric-sql/pglite": "0.5.8",
        "@electric-sql/pglite-postgis": "0.2.8"
      }
    },
    "node_modules/@electric-sql/pglite": {
      "version": "0.5.8",
      "resolved": "https://registry.npmjs.org/@electric-sql/pglite/-/pglite-0.5.8.tgz",
      "integrity": "sha512-n9tsbUOhwx2epK1V0ZG9Ar4SHWUju04dhmzZXiSBXwBoleOvIfals33NAaWgagQVAL4Rbvx/Ptsu3P+pA09f6Q==",
      "dev": true,
      "license": "Apache-2.0"
    },
    "node_modules/@electric-sql/pglite-postgis": {
      "version": "0.2.8",
      "resolved": "https://registry.npmjs.org/@electric-sql/pglite-postgis/-/pglite-postgis-0.2.8.tgz",
      "integrity": "sha512-B7XVSVuj+9TEVfIgPSlbWbhKvROENHTp0Ex6A44kTeTqy4FAm31uGsi7fxx7gqN0Mdo5qH1xv5Fu42dHwKZpqg==",
      "dev": true,
      "license": "Apache-2.0",
      "peerDependencies": {
        "@electric-sql/pglite": "0.5.8"
      }
    }
  }
}
