{
  "name": "pglite",
  "lockfileVersion": 3,
  "requires": true,
  "packages": {
    "": {
      "dependencies": {
        "@electric-sql/pglite": "0.5.8",
        "@electric-sql/pglite-pgtap": "0.0.9"
      }
    },
    "node_modules/@electric-sql/pglite": {
      "version": "0.5.8",
      "resolved": "https://registry.npmjs.org/@electric-sql/pglite/-/pglite-0.5.8.tgz",
      "integrity": "sha512-n9tsbUOhwx2epK1V0ZG9Ar4SHWUju04dhmzZXiSBXwBoleOvIfals33NAaWgagQVAL4Rbvx/Ptsu3P+pA09f6Q==",
      "license": "Apache-2.0"
    },
    "node_modules/@electric-sql/pglite-pgtap": {
      "version": "0.0.9",
      "resolved": "https://registry.npmjs.org/@electric-sql/pglite-pgtap/-/pglite-pgtap-0.0.9.tgz",
      "integrity": "sha512-VIyclfOawUN0IJROKiCnrVxsZQEG7tixgiC8c8nxp9TlBhI79MZqotoqlqvdPzGHmjWZlcgJ7tC8InOcy+2A/A==",
      "license": "Apache-2.0",
      "peerDependencies": {
        "@electric-sql/pglite": "0.5.8"
      }
    }
  }
}
